
Microsoft Visual Studio Solution File, Format Version 9.00
# Visual Studio 2005
# SharpDevelop 4.0.0.6842
Project("{FAE04EC0-301F-11D3-BF4B-00C04F79EFBC}") = "Ifcdotnet", "IFC\Ifcdotnet.csproj", "{07B1259A-3A9A-4A49-BB67-67CE69CE2950}"
EndProject
Project("{FAE04EC0-301F-11D3-BF4B-00C04F79EFBC}") = "IfcDotNet_UnitTests", "IFC_UnitTests\IfcDotNet_UnitTests.csproj", "{86E63BC5-4D26-461E-B424-9B6E9673DB83}"
EndProject
Global
	GlobalSection(SolutionConfigurationPlatforms) = preSolution
		Debug|x86 = Debug|x86
		Release|x86 = Release|x86
	EndGlobalSection
	GlobalSection(ProjectConfigurationPlatforms) = postSolution
		{07B1259A-3A9A-4A49-BB67-67CE69CE2950}.Debug|x86.Build.0 = Debug|x86
		{07B1259A-3A9A-4A49-BB67-67CE69CE2950}.Debug|x86.ActiveCfg = Debug|x86
		{07B1259A-3A9A-4A49-BB67-67CE69CE2950}.Release|x86.Build.0 = Release|x86
		{07B1259A-3A9A-4A49-BB67-67CE69CE2950}.Release|x86.ActiveCfg = Release|x86
		{86E63BC5-4D26-461E-B424-9B6E9673DB83}.Debug|x86.Build.0 = Debug|x86
		{86E63BC5-4D26-461E-B424-9B6E9673DB83}.Debug|x86.ActiveCfg = Debug|x86
		{86E63BC5-4D26-461E-B424-9B6E9673DB83}.Release|x86.Build.0 = Release|x86
		{86E63BC5-4D26-461E-B424-9B6E9673DB83}.Release|x86.ActiveCfg = Release|x86
	EndGlobalSection
EndGlobal
